
Microsoft Visual Studio Solution File, Format Version 12.00
# Visual Studio Version 17
VisualStudioVersion = 17.4.33205.214
MinimumVisualStudioVersion = 10.0.40219.1
Project("{9A19103F-16F7-4668-BE54-9A1E7A4F7556}") = "VMWAProvision", "VMWAProvision.csproj", "{D416628C-63F6-48FA-9945-ACA164C10B90}"
EndProject
Global
	GlobalSection(SolutionConfigurationPlatforms) = preSolution
		Debug|Any CPU = Debug|Any CPU
		Release|Any CPU = Release|Any CPU
	EndGlobalSection
	GlobalSection(ProjectConfigurationPlatforms) = postSolution
		{D416628C-63F6-48FA-9945-ACA164C10B90}.Debug|Any CPU.ActiveCfg = Debug|Any CPU
		{D416628C-63F6-48FA-9945-ACA164C10B90}.Debug|Any CPU.Build.0 = Debug|Any CPU
		{D416628C-63F6-48FA-9945-ACA164C10B90}.Release|Any CPU.ActiveCfg = Release|Any CPU
		{D416628C-63F6-48FA-9945-ACA164C10B90}.Release|Any CPU.Build.0 = Release|Any CPU
	EndGlobalSection
	GlobalSection(SolutionProperties) = preSolution
		HideSolutionNode = FALSE
	EndGlobalSection
	GlobalSection(ExtensibilityGlobals) = postSolution
		SolutionGuid = {EF0DA2D5-9973-4348-A000-1CECE10F1FD4}
	EndGlobalSection
EndGlobal
